%{"certifi": {:hex, :certifi, "0.4.0", "a7966efb868b179023618d29a407548f70c52466bf1849b9e8ebd0e34b7ea11f", [:rebar3], []},
  "decorators": {:hex, :decorators, "0.1.0", "1f4fd3682de23c6bce769201613812f5eaf809310a27e35ddbfd91e53b126267", [:rebar3], [{:parse_trans, "2.9.0", [hex: :parse_trans, optional: false]}]},
  "edown": {:hex, :edown, "0.8.1", "7333b6f6b7bbc736c263e9ceb8261667d7c8f7d92e251829f1a9fe8f24e7b694", [:rebar3], []},
  "excoveralls": {:git, "https://github.com/parroty/excoveralls.git", "ba7b5330eed290d7c944d3a2a384883c311805c5", []},
  "exjsx": {:hex, :exjsx, "3.2.0", "7136cc739ace295fc74c378f33699e5145bead4fdc1b4799822d0287489136fb", [:mix], [{:jsx, "~> 2.6.2", [hex: :jsx, optional: false]}]},
  "hackney": {:hex, :hackney, "1.6.1", "ddd22d42db2b50e6a155439c8811b8f6df61a4395de10509714ad2751c6da817", [:rebar3], [{:certifi, "0.4.0", [hex: :certifi, optional: false]}, {:idna, "1.2.0", [hex: :idna, optional: false]}, {:metrics, "1.0.1", [hex: :metrics, optional: false]}, {:mimerl, "1.0.2", [hex: :mimerl, optional: false]}, {:ssl_verify_fun, "1.1.0", [hex: :ssl_verify_fun, optional: false]}]},
  "idna": {:hex, :idna, "1.2.0", "ac62ee99da068f43c50dc69acf700e03a62a348360126260e87f2b54eced86b2", [:rebar3], []},
  "jiffy": {:hex, :jiffy, "0.14.7", "9f33b893edd6041ceae03bc1e50b412e858cc80b46f3d7535a7a9940a79a1c37", [:rebar, :make], []},
  "jsx": {:hex, :jsx, "2.6.2", "213721e058da0587a4bce3cc8a00ff6684ced229c8f9223245c6ff2c88fbaa5a", [:mix, :rebar], []},
  "lhttpc": {:hex, :lhttpc, "1.4.0", "61760afec1ddb98e47972be93b13fbff487a63d65b91a02c41122a0adf83da38", [:rebar3], []},
  "metrics": {:hex, :metrics, "1.0.1", "25f094dea2cda98213cecc3aeff09e940299d950904393b2a29d191c346a8486", [:rebar3], []},
  "mimerl": {:hex, :mimerl, "1.0.2", "993f9b0e084083405ed8252b99460c4f0563e41729ab42d9074fd5e52439be88", [:rebar3], []},
  "newrelic": {:hex, :newrelic, "0.1.0", "dd80750994644701fabb99fe7531e3bb6d200957cd1cb5c5f455ed7f9e6d0f90", [:rebar3], [{:jiffy, "0.14.7", [hex: :jiffy, optional: false]}, {:lhttpc, "1.4.0", [hex: :lhttpc, optional: false]}, {:statman, "0.5.0", [hex: :statman, optional: false]}]},
  "parse_trans": {:hex, :parse_trans, "2.9.0", "3f5f7b402928fb9fd200c891e635de909045d1efac40ce3f924d3892898f85eb", [:rebar, :rebar], [{:edown, "> 0.0.0", [hex: :edown, optional: false]}]},
  "ssl_verify_fun": {:hex, :ssl_verify_fun, "1.1.0", "edee20847c42e379bf91261db474ffbe373f8acb56e9079acb6038d4e0bf414f", [:rebar, :make], []},
  "statman": {:hex, :statman, "0.5.0", "3b130ed01bca478d34631752f678dc43ffe09d46d2e526554e285673c3497270", [:rebar3], [{:decorators, "0.1.0", [hex: :decorators, optional: false]}]}}
